// !$*UTF8*$!
{
	archiveVersion = 1;
	classes = {
	};
	objectVersion = 56;
	objects = {

/* Begin PBXBuildFile section */
		190117052BFFC33F0068F85D /* HoopsApp.swift in Sources */ = {isa = PBXBuildFile; fileRef = 190117042BFFC33F0068F85D /* HoopsApp.swift */; };
		190117072BFFC33F0068F85D /* ContentView.swift in Sources */ = {isa = PBXBuildFile; fileRef = 190117062BFFC33F0068F85D /* ContentView.swift */; };
		190117092BFFC33F0068F85D /* Item.swift in Sources */ = {isa = PBXBuildFile; fileRef = 190117082BFFC33F0068F85D /* Item.swift */; };
		1901170B2BFFC3430068F85D /* Assets.xcassets in Resources */ = {isa = PBXBuildFile; fileRef = 1901170A2BFFC3430068F85D /* Assets.xcassets */; };
		1901170E2BFFC3430068F85D /* Preview Assets.xcassets in Resources */ = {isa = PBXBuildFile; fileRef = 1901170D2BFFC3430068F85D /* Preview Assets.xcassets */; };
		190117182BFFC3430068F85D /* HoopsTests.swift in Sources */ = {isa = PBXBuildFile; fileRef = 190117172BFFC3430068F85D /* HoopsTests.swift */; };
		190117222BFFC3430068F85D /* HoopsUITests.swift in Sources */ = {isa = PBXBuildFile; fileRef = 190117212BFFC3430068F85D /* HoopsUITests.swift */; };
		190117242BFFC3430068F85D /* HoopsUITestsLaunchTests.swift in Sources */ = {isa = PBXBuildFile; fileRef = 190117232BFFC3430068F85D /* HoopsUITestsLaunchTests.swift */; };
		19EC522D2C00D26000F9AA80 /* GamesView.swift in Sources */ = {isa = PBXBuildFile; fileRef = 19EC522C2C00D26000F9AA80 /* GamesView.swift */; };
		19EC522F2C00D2F700F9AA80 /* GameController.swift in Sources */ = {isa = PBXBuildFile; fileRef = 19EC522E2C00D2F700F9AA80 /* GameController.swift */; };
		19EC52312C00D66300F9AA80 /* CreateGameView.swift in Sources */ = {isa = PBXBuildFile; fileRef = 19EC52302C00D66300F9AA80 /* CreateGameView.swift */; };
/* End PBXBuildFile section */

/* Begin PBXContainerItemProxy section */
		190117142BFFC3430068F85D /* PBXContainerItemProxy */ = {
			isa = PBXContainerItemProxy;
			containerPortal = 190116F92BFFC33F0068F85D /* Project object */;
			proxyType = 1;
			remoteGlobalIDString = 190117002BFFC33F0068F85D;
			remoteInfo = Hoops;
		};
		1901171E2BFFC3430068F85D /* PBXContainerItemProxy */ = {
			isa = PBXContainerItemProxy;
			containerPortal = 190116F92BFFC33F0068F85D /* Project object */;
			proxyType = 1;
			remoteGlobalIDString = 190117002BFFC33F0068F85D;
			remoteInfo = Hoops;
		};
/* End PBXContainerItemProxy section */

/* Begin PBXFileReference section */
		190117012BFFC33F0068F85D /* Hoops.app */ = {isa = PBXFileReference; explicitFileType = wrapper.application; includeInIndex = 0; path = Hoops.app; sourceTree = BUILT_PRODUCTS_DIR; };
		190117042BFFC33F0068F85D /* HoopsApp.swift */ = {isa = PBXFileReference; lastKnownFileType = sourcecode.swift; path = HoopsApp.swift; sourceTree = "<group>"; };
		190117062BFFC33F0068F85D /* ContentView.swift */ = {isa = PBXFileReference; lastKnownFileType = sourcecode.swift; path = ContentView.swift; sourceTree = "<group>"; };
		190117082BFFC33F0068F85D /* Item.swift */ = {isa = PBXFileReference; lastKnownFileType = sourcecode.swift; path = Item.swift; sourceTree = "<group>"; };
		1901170A2BFFC3430068F85D /* Assets.xcassets */ = {isa = PBXFileReference; lastKnownFileType = folder.assetcatalog; path = Assets.xcassets; sourceTree = "<group>"; };
		1901170D2BFFC3430068F85D /* Preview Assets.xcassets */ = {isa = PBXFileReference; lastKnownFileType = folder.assetcatalog; path = "Preview Assets.xcassets"; sourceTree = "<group>"; };
		190117132BFFC3430068F85D /* HoopsTests.xctest */ = {isa = PBXFileReference; explicitFileType = wrapper.cfbundle; includeInIndex = 0; path = HoopsTests.xctest; sourceTree = BUILT_PRODUCTS_DIR; };
		190117172BFFC3430068F85D /* HoopsTests.swift */ = {isa = PBXFileReference; lastKnownFileType = sourcecode.swift; path = HoopsTests.swift; sourceTree = "<group>"; };
		1901171D2BFFC3430068F85D /* HoopsUITests.xctest */ = {isa = PBXFileReference; explicitFileType = wrapper.cfbundle; includeInIndex = 0; path = HoopsUITests.xctest; sourceTree = BUILT_PRODUCTS_DIR; };
		190117212BFFC3430068F85D /* HoopsUITests.swift */ = {isa = PBXFileReference; lastKnownFileType = sourcecode.swift; path = HoopsUITests.swift; sourceTree = "<group>"; };
		190117232BFFC3430068F85D /* HoopsUITestsLaunchTests.swift */ = {isa = PBXFileReference; lastKnownFileType = sourcecode.swift; path = HoopsUITestsLaunchTests.swift; sourceTree = "<group>"; };
		19EC522C2C00D26000F9AA80 /* GamesView.swift */ = {isa = PBXFileReference; lastKnownFileType = sourcecode.swift; path = GamesView.swift; sourceTree = "<group>"; };
		19EC522E2C00D2F700F9AA80 /* GameController.swift */ = {isa = PBXFileReference; lastKnownFileType = sourcecode.swift; path = GameController.swift; sourceTree = "<group>"; };
		19EC52302C00D66300F9AA80 /* CreateGameView.swift */ = {isa = PBXFileReference; lastKnownFileType = sourcecode.swift; path = CreateGameView.swift; sourceTree = "<group>"; };
/* End PBXFileReference section */

/* Begin PBXFrameworksBuildPhase section */
		190116FE2BFFC33F0068F85D /* Frameworks */ = {
			isa = PBXFrameworksBuildPhase;
			buildActionMask = 2147483647;
			files = (
			);
			runOnlyForDeploymentPostprocessing = 0;
		};
		190117102BFFC3430068F85D /* Frameworks */ = {
			isa = PBXFrameworksBuildPhase;
			buildActionMask = 2147483647;
			files = (
			);
			runOnlyForDeploymentPostprocessing = 0;
		};
		1901171A2BFFC3430068F85D /* Frameworks */ = {
			isa = PBXFrameworksBuildPhase;
			buildActionMask = 2147483647;
			files = (
			);
			runOnlyForDeploymentPostprocessing = 0;
		};
/* End PBXFrameworksBuildPhase section */

/* Begin PBXGroup section */
		190116F82BFFC33F0068F85D = {
			isa = PBXGroup;
			children = (
				190117032BFFC33F0068F85D /* Hoops */,
				190117162BFFC3430068F85D /* HoopsTests */,
				190117202BFFC3430068F85D /* HoopsUITests */,
				190117022BFFC33F0068F85D /* Products */,
			);
			sourceTree = "<group>";
		};
		190117022BFFC33F0068F85D /* Products */ = {
			isa = PBXGroup;
			children = (
				190117012BFFC33F0068F85D /* Hoops.app */,
				190117132BFFC3430068F85D /* HoopsTests.xctest */,
				1901171D2BFFC3430068F85D /* HoopsUITests.xctest */,
			);
			name = Products;
			sourceTree = "<group>";
		};
		190117032BFFC33F0068F85D /* Hoops */ = {
			isa = PBXGroup;
			children = (
				19EC522B2C00CEC200F9AA80 /* Controllers */,
				19EC522A2C00CEBB00F9AA80 /* Views */,
				19EC52292C00CE4700F9AA80 /* Models */,
				190117042BFFC33F0068F85D /* HoopsApp.swift */,
				1901170A2BFFC3430068F85D /* Assets.xcassets */,
				1901170C2BFFC3430068F85D /* Preview Content */,
			);
			path = Hoops;
			sourceTree = "<group>";
		};
		1901170C2BFFC3430068F85D /* Preview Content */ = {
			isa = PBXGroup;
			children = (
				1901170D2BFFC3430068F85D /* Preview Assets.xcassets */,
			);
			path = "Preview Content";
			sourceTree = "<group>";
		};
		190117162BFFC3430068F85D /* HoopsTests */ = {
			isa = PBXGroup;
			children = (
				190117172BFFC3430068F85D /* HoopsTests.swift */,
			);
			path = HoopsTests;
			sourceTree = "<group>";
		};
		190117202BFFC3430068F85D /* HoopsUITests */ = {
			isa = PBXGroup;
			children = (
				190117212BFFC3430068F85D /* HoopsUITests.swift */,
				190117232BFFC3430068F85D /* HoopsUITestsLaunchTests.swift */,
			);
			path = HoopsUITests;
			sourceTree = "<group>";
		};
		19EC52292C00CE4700F9AA80 /* Models */ = {
			isa = PBXGroup;
			children = (
				190117082BFFC33F0068F85D /* Item.swift */,
			);
			path = Models;
			sourceTree = "<group>";
		};
		19EC522A2C00CEBB00F9AA80 /* Views */ = {
			isa = PBXGroup;
			children = (
				190117062BFFC33F0068F85D /* ContentView.swift */,
				19EC522C2C00D26000F9AA80 /* GamesView.swift */,
				19EC52302C00D66300F9AA80 /* CreateGameView.swift */,
			);
			path = Views;
			sourceTree = "<group>";
		};
		19EC522B2C00CEC200F9AA80 /* Controllers */ = {
			isa = PBXGroup;
			children = (
				19EC522E2C00D2F700F9AA80 /* GameController.swift */,
			);
			path = Controllers;
			sourceTree = "<group>";
		};
/* End PBXGroup section */

/* Begin PBXNativeTarget section */
		190117002BFFC33F0068F85D /* Hoops */ = {
			isa = PBXNativeTarget;
			buildConfigurationList = 190117272BFFC3430068F85D /* Build configuration list for PBXNativeTarget "Hoops" */;
			buildPhases = (
				190116FD2BFFC33F0068F85D /* Sources */,
				190116FE2BFFC33F0068F85D /* Frameworks */,
				190116FF2BFFC33F0068F85D /* Resources */,
			);
			buildRules = (
			);
			dependencies = (
			);
			name = Hoops;
			productName = Hoops;
			productReference = 190117012BFFC33F0068F85D /* Hoops.app */;
			productType = "com.apple.product-type.application";
		};
		190117122BFFC3430068F85D /* HoopsTests */ = {
			isa = PBXNativeTarget;
			buildConfigurationList = 1901172A2BFFC3430068F85D /* Build configuration list for PBXNativeTarget "HoopsTests" */;
			buildPhases = (
				1901170F2BFFC3430068F85D /* Sources */,
				190117102BFFC3430068F85D /* Frameworks */,
				190117112BFFC3430068F85D /* Resources */,
			);
			buildRules = (
			);
			dependencies = (
				190117152BFFC3430068F85D /* PBXTargetDependency */,
			);
			name = HoopsTests;
			productName = HoopsTests;
			productReference = 190117132BFFC3430068F85D /* HoopsTests.xctest */;
			productType = "com.apple.product-type.bundle.unit-test";
		};
		1901171C2BFFC3430068F85D /* HoopsUITests */ = {
			isa = PBXNativeTarget;
			buildConfigurationList = 1901172D2BFFC3430068F85D /* Build configuration list for PBXNativeTarget "HoopsUITests" */;
			buildPhases = (
				190117192BFFC3430068F85D /* Sources */,
				1901171A2BFFC3430068F85D /* Frameworks */,
				1901171B2BFFC3430068F85D /* Resources */,
			);
			buildRules = (
			);
			dependencies = (
				1901171F2BFFC3430068F85D /* PBXTargetDependency */,
			);
			name = HoopsUITests;
			productName = HoopsUITests;
			productReference = 1901171D2BFFC3430068F85D /* HoopsUITests.xctest */;
			productType = "com.apple.product-type.bundle.ui-testing";
		};
/* End PBXNativeTarget section */

/* Begin PBXProject section */
		190116F92BFFC33F0068F85D /* Project object */ = {
			isa = PBXProject;
			attributes = {
				BuildIndependentTargetsInParallel = 1;
				LastSwiftUpdateCheck = 1540;
				LastUpgradeCheck = 1540;
				TargetAttributes = {
					190117002BFFC33F0068F85D = {
						CreatedOnToolsVersion = 15.4;
					};
					190117122BFFC3430068F85D = {
						CreatedOnToolsVersion = 15.4;
						TestTargetID = 190117002BFFC33F0068F85D;
					};
					1901171C2BFFC3430068F85D = {
						CreatedOnToolsVersion = 15.4;
						TestTargetID = 190117002BFFC33F0068F85D;
					};
				};
			};
			buildConfigurationList = 190116FC2BFFC33F0068F85D /* Build configuration list for PBXProject "Hoops" */;
			compatibilityVersion = "Xcode 14.0";
			developmentRegion = en;
			hasScannedForEncodings = 0;
			knownRegions = (
				en,
				Base,
			);
			mainGroup = 190116F82BFFC33F0068F85D;
			productRefGroup = 190117022BFFC33F0068F85D /* Products */;
			projectDirPath = "";
			projectRoot = "";
			targets = (
				190117002BFFC33F0068F85D /* Hoops */,
				190117122BFFC3430068F85D /* HoopsTests */,
				1901171C2BFFC3430068F85D /* HoopsUITests */,
			);
		};
/* End PBXProject section */

/* Begin PBXResourcesBuildPhase section */
		190116FF2BFFC33F0068F85D /* Resources */ = {
			isa = PBXResourcesBuildPhase;
			buildActionMask = 2147483647;
			files = (
				1901170E2BFFC3430068F85D /* Preview Assets.xcassets in Resources */,
				1901170B2BFFC3430068F85D /* Assets.xcassets in Resources */,
			);
			runOnlyForDeploymentPostprocessing = 0;
		};
		190117112BFFC3430068F85D /* Resources */ = {
			isa = PBXResourcesBuildPhase;
			buildActionMask = 2147483647;
			files = (
			);
			runOnlyForDeploymentPostprocessing = 0;
		};
		1901171B2BFFC3430068F85D /* Resources */ = {
			isa = PBXResourcesBuildPhase;
			buildActionMask = 2147483647;
			files = (
			);
			runOnlyForDeploymentPostprocessing = 0;
		};
/* End PBXResourcesBuildPhase section */

/* Begin PBXSourcesBuildPhase section */
		190116FD2BFFC33F0068F85D /* Sources */ = {
			isa = PBXSourcesBuildPhase;
			buildActionMask = 2147483647;
			files = (
				19EC52312C00D66300F9AA80 /* CreateGameView.swift in Sources */,
				190117072BFFC33F0068F85D /* ContentView.swift in Sources */,
				19EC522F2C00D2F700F9AA80 /* GameController.swift in Sources */,
				190117092BFFC33F0068F85D /* Item.swift in Sources */,
				19EC522D2C00D26000F9AA80 /* GamesView.swift in Sources */,
				190117052BFFC33F0068F85D /* HoopsApp.swift in Sources */,
			);
			runOnlyForDeploymentPostprocessing = 0;
		};
		1901170F2BFFC3430068F85D /* Sources */ = {
			isa = PBXSourcesBuildPhase;
			buildActionMask = 2147483647;
			files = (
				190117182BFFC3430068F85D /* HoopsTests.swift in Sources */,
			);
			runOnlyForDeploymentPostprocessing = 0;
		};
		190117192BFFC3430068F85D /* Sources */ = {
			isa = PBXSourcesBuildPhase;
			buildActionMask = 2147483647;
			files = (
				190117242BFFC3430068F85D /* HoopsUITestsLaunchTests.swift in Sources */,
				190117222BFFC3430068F85D /* HoopsUITests.swift in Sources */,
			);
			runOnlyForDeploymentPostprocessing = 0;
		};
/* End PBXSourcesBuildPhase section */

/* Begin PBXTargetDependency section */
		190117152BFFC3430068F85D /* PBXTargetDependency */ = {
			isa = PBXTargetDependency;
			target = 190117002BFFC33F0068F85D /* Hoops */;
			targetProxy = 190117142BFFC3430068F85D /* PBXContainerItemProxy */;
		};
		1901171F2BFFC3430068F85D /* PBXTargetDependency */ = {
			isa = PBXTargetDependency;
			target = 190117002BFFC33F0068F85D /* Hoops */;
			targetProxy = 1901171E2BFFC3430068F85D /* PBXContainerItemProxy */;
		};
/* End PBXTargetDependency section */

/* Begin XCBuildConfiguration section */
		190117252BFFC3430068F85D /* Debug */ = {
			isa = XCBuildConfiguration;
			buildSettings = {
				ALWAYS_SEARCH_USER_PATHS = NO;
				ASSETCATALOG_COMPILER_GENERATE_SWIFT_ASSET_SYMBOL_EXTENSIONS = YES;
				CLANG_ANALYZER_NONNULL = YES;
				CLANG_ANALYZER_NUMBER_OBJECT_CONVERSION = YES_AGGRESSIVE;
				CLANG_CXX_LANGUAGE_STANDARD = "gnu++20";
				CLANG_ENABLE_MODULES = YES;
				CLANG_ENABLE_OBJC_ARC = YES;
				CLANG_ENABLE_OBJC_WEAK = YES;
				CLANG_WARN_BLOCK_CAPTURE_AUTORELEASING = YES;
				CLANG_WARN_BOOL_CONVERSION = YES;
				CLANG_WARN_COMMA = YES;
				CLANG_WARN_CONSTANT_CONVERSION = YES;
				CLANG_WARN_DEPRECATED_OBJC_IMPLEMENTATIONS = YES;
				CLANG_WARN_DIRECT_OBJC_ISA_USAGE = YES_ERROR;
				CLANG_WARN_DOCUMENTATION_COMMENTS = YES;
				CLANG_WARN_EMPTY_BODY = YES;
				CLANG_WARN_ENUM_CONVERSION = YES;
				CLANG_WARN_INFINITE_RECURSION = YES;
				CLANG_WARN_INT_CONVERSION = YES;
				CLANG_WARN_NON_LITERAL_NULL_CONVERSION = YES;
				CLANG_WARN_OBJC_IMPLICIT_RETAIN_SELF = YES;
				CLANG_WARN_OBJC_LITERAL_CONVERSION = YES;
				CLANG_WARN_OBJC_ROOT_CLASS = YES_ERROR;
				CLANG_WARN_QUOTED_INCLUDE_IN_FRAMEWORK_HEADER = YES;
				CLANG_WARN_RANGE_LOOP_ANALYSIS = YES;
				CLANG_WARN_STRICT_PROTOTYPES = YES;
				CLANG_WARN_SUSPICIOUS_MOVE = YES;
				CLANG_WARN_UNGUARDED_AVAILABILITY = YES_AGGRESSIVE;
				CLANG_WARN_UNREACHABLE_CODE = YES;
				CLANG_WARN__DUPLICATE_METHOD_MATCH = YES;
				COPY_PHASE_STRIP = NO;
				DEBUG_INFORMATION_FORMAT = dwarf;
				ENABLE_STRICT_OBJC_MSGSEND = YES;
				ENABLE_TESTABILITY = YES;
				ENABLE_USER_SCRIPT_SANDBOXING = YES;
				GCC_C_LANGUAGE_STANDARD = gnu17;
				GCC_DYNAMIC_NO_PIC = NO;
				GCC_NO_COMMON_BLOCKS = YES;
				GCC_OPTIMIZATION_LEVEL = 0;
				GCC_PREPROCESSOR_DEFINITIONS = (
					"DEBUG=1",
					"$(inherited)",
				);
				GCC_WARN_64_TO_32_BIT_CONVERSION = YES;
				GCC_WARN_ABOUT_RETURN_TYPE = YES_ERROR;
				GCC_WARN_UNDECLARED_SELECTOR = YES;
				GCC_WARN_UNINITIALIZED_AUTOS = YES_AGGRESSIVE;
				GCC_WARN_UNUSED_FUNCTION = YES;
				GCC_WARN_UNUSED_VARIABLE = YES;
				IPHONEOS_DEPLOYMENT_TARGET = 17.5;
				LOCALIZATION_PREFERS_STRING_CATALOGS = YES;
				MTL_ENABLE_DEBUG_INFO = INCLUDE_SOURCE;
				MTL_FAST_MATH = YES;
				ONLY_ACTIVE_ARCH = YES;
				SDKROOT = iphoneos;
				SWIFT_ACTIVE_COMPILATION_CONDITIONS = "DEBUG $(inherited)";
				SWIFT_OPTIMIZATION_LEVEL = "-Onone";
			};
			name = Debug;
		};
		190117262BFFC3430068F85D /* Release */ = {
			isa = XCBuildConfiguration;
			buildSettings = {
				ALWAYS_SEARCH_USER_PATHS = NO;
				ASSETCATALOG_COMPILER_GENERATE_SWIFT_ASSET_SYMBOL_EXTENSIONS = YES;
				CLANG_ANALYZER_NONNULL = YES;
				CLANG_ANALYZER_NUMBER_OBJECT_CONVERSION = YES_AGGRESSIVE;
				CLANG_CXX_LANGUAGE_STANDARD = "gnu++20";
				CLANG_ENABLE_MODULES = YES;
				CLANG_ENABLE_OBJC_ARC = YES;
				CLANG_ENABLE_OBJC_WEAK = YES;
				CLANG_WARN_BLOCK_CAPTURE_AUTORELEASING = YES;
				CLANG_WARN_BOOL_CONVERSION = YES;
				CLANG_WARN_COMMA = YES;
				CLANG_WARN_CONSTANT_CONVERSION = YES;
				CLANG_WARN_DEPRECATED_OBJC_IMPLEMENTATIONS = YES;
				CLANG_WARN_DIRECT_OBJC_ISA_USAGE = YES_ERROR;
				CLANG_WARN_DOCUMENTATION_COMMENTS = YES;
				CLANG_WARN_EMPTY_BODY = YES;
				CLANG_WARN_ENUM_CONVERSION = YES;
				CLANG_WARN_INFINITE_RECURSION = YES;
				CLANG_WARN_INT_CONVERSION = YES;
				CLANG_WARN_NON_LITERAL_NULL_CONVERSION = YES;
				CLANG_WARN_OBJC_IMPLICIT_RETAIN_SELF = YES;
				CLANG_WARN_OBJC_LITERAL_CONVERSION = YES;
				CLANG_WARN_OBJC_ROOT_CLASS = YES_ERROR;
				CLANG_WARN_QUOTED_INCLUDE_IN_FRAMEWORK_HEADER = YES;
				CLANG_WARN_RANGE_LOOP_ANALYSIS = YES;
				CLANG_WARN_STRICT_PROTOTYPES = YES;
				CLANG_WARN_SUSPICIOUS_MOVE = YES;
				CLANG_WARN_UNGUARDED_AVAILABILITY = YES_AGGRESSIVE;
				CLANG_WARN_UNREACHABLE_CODE = YES;
				CLANG_WARN__DUPLICATE_METHOD_MATCH = YES;
				COPY_PHASE_STRIP = NO;
				DEBUG_INFORMATION_FORMAT = "dwarf-with-dsym";
				ENABLE_NS_ASSERTIONS = NO;
				ENABLE_STRICT_OBJC_MSGSEND = YES;
				ENABLE_USER_SCRIPT_SANDBOXING = YES;
				GCC_C_LANGUAGE_STANDARD = gnu17;
				GCC_NO_COMMON_BLOCKS = YES;
				GCC_WARN_64_TO_32_BIT_CONVERSION = YES;
				GCC_WARN_ABOUT_RETURN_TYPE = YES_ERROR;
				GCC_WARN_UNDECLARED_SELECTOR = YES;
				GCC_WARN_UNINITIALIZED_AUTOS = YES_AGGRESSIVE;
				GCC_WARN_UNUSED_FUNCTION = YES;
				GCC_WARN_UNUSED_VARIABLE = YES;
				IPHONEOS_DEPLOYMENT_TARGET = 17.5;
				LOCALIZATION_PREFERS_STRING_CATALOGS = YES;
				MTL_ENABLE_DEBUG_INFO = NO;
				MTL_FAST_MATH = YES;
				SDKROOT = iphoneos;
				SWIFT_COMPILATION_MODE = wholemodule;
				VALIDATE_PRODUCT = YES;
			};
			name = Release;
		};
		190117282BFFC3430068F85D /* Debug */ = {
			isa = XCBuildConfiguration;
			buildSettings = {
				ASSETCATALOG_COMPILER_APPICON_NAME = AppIcon;
				ASSETCATALOG_COMPILER_GLOBAL_ACCENT_COLOR_NAME = AccentColor;
				CODE_SIGN_STYLE = Automatic;
				CURRENT_PROJECT_VERSION = 1;
				DEVELOPMENT_ASSET_PATHS = "\"Hoops/Preview Content\"";
				ENABLE_PREVIEWS = YES;
				GENERATE_INFOPLIST_FILE = YES;
				INFOPLIST_KEY_UIApplicationSceneManifest_Generation = YES;
				INFOPLIST_KEY_UIApplicationSupportsIndirectInputEvents = YES;
				INFOPLIST_KEY_UILaunchScreen_Generation = YES;
				INFOPLIST_KEY_UISupportedInterfaceOrientations_iPad = "UIInterfaceOrientationPortrait UIInterfaceOrientationPortraitUpsideDown UIInterfaceOrientationLandscapeLeft UIInterfaceOrientationLandscapeRight";
				INFOPLIST_KEY_UISupportedInterfaceOrientations_iPhone = "UIInterfaceOrientationPortrait UIInterfaceOrientationLandscapeLeft UIInterfaceOrientationLandscapeRight";
				LD_RUNPATH_SEARCH_PATHS = (
					"$(inherited)",
					"@executable_path/Frameworks",
				);
				MARKETING_VERSION = 1.0;
				PRODUCT_BUNDLE_IDENTIFIER = com.BetaRunningApp.Hoops;
				PRODUCT_NAME = "$(TARGET_NAME)";
				SWIFT_EMIT_LOC_STRINGS = YES;
				SWIFT_VERSION = 5.0;
				TARGETED_DEVICE_FAMILY = "1,2";
			};
			name = Debug;
		};
		190117292BFFC3430068F85D /* Release */ = {
			isa = XCBuildConfiguration;
			buildSettings = {
				ASSETCATALOG_COMPILER_APPICON_NAME = AppIcon;
				ASSETCATALOG_COMPILER_GLOBAL_ACCENT_COLOR_NAME = AccentColor;
				CODE_SIGN_STYLE = Automatic;
				CURRENT_PROJECT_VERSION = 1;
				DEVELOPMENT_ASSET_PATHS = "\"Hoops/Preview Content\"";
				ENABLE_PREVIEWS = YES;
				GENERATE_INFOPLIST_FILE = YES;
				INFOPLIST_KEY_UIApplicationSceneManifest_Generation = YES;
				INFOPLIST_KEY_UIApplicationSupportsIndirectInputEvents = YES;
				INFOPLIST_KEY_UILaunchScreen_Generation = YES;
				INFOPLIST_KEY_UISupportedInterfaceOrientations_iPad = "UIInterfaceOrientationPortrait UIInterfaceOrientationPortraitUpsideDown UIInterfaceOrientationLandscapeLeft UIInterfaceOrientationLandscapeRight";
				INFOPLIST_KEY_UISupportedInterfaceOrientations_iPhone = "UIInterfaceOrientationPortrait UIInterfaceOrientationLandscapeLeft UIInterfaceOrientationLandscapeRight";
				LD_RUNPATH_SEARCH_PATHS = (
					"$(inherited)",
					"@executable_path/Frameworks",
				);
				MARKETING_VERSION = 1.0;
				PRODUCT_BUNDLE_IDENTIFIER = com.BetaRunningApp.Hoops;
				PRODUCT_NAME = "$(TARGET_NAME)";
				SWIFT_EMIT_LOC_STRINGS = YES;
				SWIFT_VERSION = 5.0;
				TARGETED_DEVICE_FAMILY = "1,2";
			};
			name = Release;
		};
		1901172B2BFFC3430068F85D /* Debug */ = {
			isa = XCBuildConfiguration;
			buildSettings = {
				ALWAYS_EMBED_SWIFT_STANDARD_LIBRARIES = YES;
				BUNDLE_LOADER = "$(TEST_HOST)";
				CODE_SIGN_STYLE = Automatic;
				CURRENT_PROJECT_VERSION = 1;
				GENERATE_INFOPLIST_FILE = YES;
				IPHONEOS_DEPLOYMENT_TARGET = 17.5;
				MARKETING_VERSION = 1.0;
				PRODUCT_BUNDLE_IDENTIFIER = com.BetaRunningApp.HoopsTests;
				PRODUCT_NAME = "$(TARGET_NAME)";
				SWIFT_EMIT_LOC_STRINGS = NO;
				SWIFT_VERSION = 5.0;
				TARGETED_DEVICE_FAMILY = "1,2";
				TEST_HOST = "$(BUILT_PRODUCTS_DIR)/Hoops.app/$(BUNDLE_EXECUTABLE_FOLDER_PATH)/Hoops";
			};
			name = Debug;
		};
		1901172C2BFFC3430068F85D /* Release */ = {
			isa = XCBuildConfiguration;
			buildSettings = {
				ALWAYS_EMBED_SWIFT_STANDARD_LIBRARIES = YES;
				BUNDLE_LOADER = "$(TEST_HOST)";
				CODE_SIGN_STYLE = Automatic;
				CURRENT_PROJECT_VERSION = 1;
				GENERATE_INFOPLIST_FILE = YES;
				IPHONEOS_DEPLOYMENT_TARGET = 17.5;
				MARKETING_VERSION = 1.0;
				PRODUCT_BUNDLE_IDENTIFIER = com.BetaRunningApp.HoopsTests;
				PRODUCT_NAME = "$(TARGET_NAME)";
				SWIFT_EMIT_LOC_STRINGS = NO;
				SWIFT_VERSION = 5.0;
				TARGETED_DEVICE_FAMILY = "1,2";
				TEST_HOST = "$(BUILT_PRODUCTS_DIR)/Hoops.app/$(BUNDLE_EXECUTABLE_FOLDER_PATH)/Hoops";
			};
			name = Release;
		};
		1901172E2BFFC3430068F85D /* Debug */ = {
			isa = XCBuildConfiguration;
			buildSettings = {
				ALWAYS_EMBED_SWIFT_STANDARD_LIBRARIES = YES;
				CODE_SIGN_STYLE = Automatic;
				CURRENT_PROJECT_VERSION = 1;
				GENERATE_INFOPLIST_FILE = YES;
				MARKETING_VERSION = 1.0;
				PRODUCT_BUNDLE_IDENTIFIER = com.BetaRunningApp.HoopsUITests;
				PRODUCT_NAME = "$(TARGET_NAME)";
				SWIFT_EMIT_LOC_STRINGS = NO;
				SWIFT_VERSION = 5.0;
				TARGETED_DEVICE_FAMILY = "1,2";
				TEST_TARGET_NAME = Hoops;
			};
			name = Debug;
		};
		1901172F2BFFC3430068F85D /* Release */ = {
			isa = XCBuildConfiguration;
			buildSettings = {
				ALWAYS_EMBED_SWIFT_STANDARD_LIBRARIES = YES;
				CODE_SIGN_STYLE = Automatic;
				CURRENT_PROJECT_VERSION = 1;
				GENERATE_INFOPLIST_FILE = YES;
				MARKETING_VERSION = 1.0;
				PRODUCT_BUNDLE_IDENTIFIER = com.BetaRunningApp.HoopsUITests;
				PRODUCT_NAME = "$(TARGET_NAME)";
				SWIFT_EMIT_LOC_STRINGS = NO;
				SWIFT_VERSION = 5.0;
				TARGETED_DEVICE_FAMILY = "1,2";
				TEST_TARGET_NAME = Hoops;
			};
			name = Release;
		};
/* End XCBuildConfiguration section */

/* Begin XCConfigurationList section */
		190116FC2BFFC33F0068F85D /* Build configuration list for PBXProject "Hoops" */ = {
			isa = XCConfigurationList;
			buildConfigurations = (
				190117252BFFC3430068F85D /* Debug */,
				190117262BFFC3430068F85D /* Release */,
			);
			defaultConfigurationIsVisible = 0;
			defaultConfigurationName = Release;
		};
		190117272BFFC3430068F85D /* Build configuration list for PBXNativeTarget "Hoops" */ = {
			isa = XCConfigurationList;
			buildConfigurations = (
				190117282BFFC3430068F85D /* Debug */,
				190117292BFFC3430068F85D /* Release */,
			);
			defaultConfigurationIsVisible = 0;
			defaultConfigurationName = Release;
		};
		1901172A2BFFC3430068F85D /* Build configuration list for PBXNativeTarget "HoopsTests" */ = {
			isa = XCConfigurationList;
			buildConfigurations = (
				1901172B2BFFC3430068F85D /* Debug */,
				1901172C2BFFC3430068F85D /* Release */,
			);
			defaultConfigurationIsVisible = 0;
			defaultConfigurationName = Release;
		};
		1901172D2BFFC3430068F85D /* Build configuration list for PBXNativeTarget "HoopsUITests" */ = {
			isa = XCConfigurationList;
			buildConfigurations = (
				1901172E2BFFC3430068F85D /* Debug */,
				1901172F2BFFC3430068F85D /* Release */,
			);
			defaultConfigurationIsVisible = 0;
			defaultConfigurationName = Release;
		};
/* End XCConfigurationList section */
	};
	rootObject = 190116F92BFFC33F0068F85D /* Project object */;
}
